
Microsoft Visual Studio Solution File, Format Version 12.00
# Visual Studio Version 17
VisualStudioVersion = 17.8.34330.188
MinimumVisualStudioVersion = 10.0.40219.1
Project("{9A19103F-16F7-4668-BE54-9A1E7A4F7556}") = "coreConsoleProject", "coreConsoleProject.csproj", "{F6B2CE28-E8A2-46BA-8F6D-DE8E482C13F7}"
EndProject
Global
	GlobalSection(SolutionConfigurationPlatforms) = preSolution
		Debug|Any CPU = Debug|Any CPU
		Release|Any CPU = Release|Any CPU
	EndGlobalSection
	GlobalSection(ProjectConfigurationPlatforms) = postSolution
		{F6B2CE28-E8A2-46BA-8F6D-DE8E482C13F7}.Debug|Any CPU.ActiveCfg = Debug|Any CPU
		{F6B2CE28-E8A2-46BA-8F6D-DE8E482C13F7}.Debug|Any CPU.Build.0 = Debug|Any CPU
		{F6B2CE28-E8A2-46BA-8F6D-DE8E482C13F7}.Release|Any CPU.ActiveCfg = Release|Any CPU
		{F6B2CE28-E8A2-46BA-8F6D-DE8E482C13F7}.Release|Any CPU.Build.0 = Release|Any CPU
	EndGlobalSection
	GlobalSection(SolutionProperties) = preSolution
		HideSolutionNode = FALSE
	EndGlobalSection
	GlobalSection(ExtensibilityGlobals) = postSolution
		SolutionGuid = {A488BD19-498C-43FC-9FE6-90148B588772}
	EndGlobalSection
EndGlobal
